// !$*UTF8*$!
{
	archiveVersion = 1;
	classes = {
	};
	objectVersion = 50;
	objects = {

/* Begin PBXBuildFile section */
		200FEE3125BE037500E0D8F0 /* AppDelegate.swift in Sources */ = {isa = PBXBuildFile; fileRef = 200FEE3025BE037500E0D8F0 /* AppDelegate.swift */; };
		200FEE3325BE037500E0D8F0 /* SceneDelegate.swift in Sources */ = {isa = PBXBuildFile; fileRef = 200FEE3225BE037500E0D8F0 /* SceneDelegate.swift */; };
		200FEE3825BE037500E0D8F0 /* Main.storyboard in Resources */ = {isa = PBXBuildFile; fileRef = 200FEE3625BE037500E0D8F0 /* Main.storyboard */; };
		200FEE3A25BE037700E0D8F0 /* Assets.xcassets in Resources */ = {isa = PBXBuildFile; fileRef = 200FEE3925BE037700E0D8F0 /* Assets.xcassets */; };
		200FEE3D25BE037700E0D8F0 /* LaunchScreen.storyboard in Resources */ = {isa = PBXBuildFile; fileRef = 200FEE3B25BE037700E0D8F0 /* LaunchScreen.storyboard */; };
		200FEE4B25BE0A1500E0D8F0 /* PlacesTableViewController.swift in Sources */ = {isa = PBXBuildFile; fileRef = 200FEE4A25BE0A1500E0D8F0 /* PlacesTableViewController.swift */; };
		200FEE4E25BE0AB400E0D8F0 /* PlaceFinderViewController.swift in Sources */ = {isa = PBXBuildFile; fileRef = 200FEE4D25BE0AB400E0D8F0 /* PlaceFinderViewController.swift */; };
		200FEE5725BE224300E0D8F0 /* MapViewController.swift in Sources */ = {isa = PBXBuildFile; fileRef = 200FEE5625BE224300E0D8F0 /* MapViewController.swift */; };
/* End PBXBuildFile section */

/* Begin PBXFileReference section */
		200FEE2D25BE037500E0D8F0 /* QueroIr.app */ = {isa = PBXFileReference; explicitFileType = wrapper.application; includeInIndex = 0; path = QueroIr.app; sourceTree = BUILT_PRODUCTS_DIR; };
		200FEE3025BE037500E0D8F0 /* AppDelegate.swift */ = {isa = PBXFileReference; lastKnownFileType = sourcecode.swift; path = AppDelegate.swift; sourceTree = "<group>"; };
		200FEE3225BE037500E0D8F0 /* SceneDelegate.swift */ = {isa = PBXFileReference; lastKnownFileType = sourcecode.swift; path = SceneDelegate.swift; sourceTree = "<group>"; };
		200FEE3725BE037500E0D8F0 /* Base */ = {isa = PBXFileReference; lastKnownFileType = file.storyboard; name = Base; path = Base.lproj/Main.storyboard; sourceTree = "<group>"; };
		200FEE3925BE037700E0D8F0 /* Assets.xcassets */ = {isa = PBXFileReference; lastKnownFileType = folder.assetcatalog; name = Assets.xcassets; path = QueroIr/Common/Assets.xcassets; sourceTree = SOURCE_ROOT; };
		200FEE3C25BE037700E0D8F0 /* Base */ = {isa = PBXFileReference; lastKnownFileType = file.storyboard; name = Base; path = Base.lproj/LaunchScreen.storyboard; sourceTree = "<group>"; };
		200FEE3E25BE037700E0D8F0 /* Info.plist */ = {isa = PBXFileReference; lastKnownFileType = text.plist.xml; path = Info.plist; sourceTree = "<group>"; };
		200FEE4A25BE0A1500E0D8F0 /* PlacesTableViewController.swift */ = {isa = PBXFileReference; lastKnownFileType = sourcecode.swift; path = PlacesTableViewController.swift; sourceTree = "<group>"; };
		200FEE4D25BE0AB400E0D8F0 /* PlaceFinderViewController.swift */ = {isa = PBXFileReference; lastKnownFileType = sourcecode.swift; path = PlaceFinderViewController.swift; sourceTree = "<group>"; };
		200FEE5625BE224300E0D8F0 /* MapViewController.swift */ = {isa = PBXFileReference; lastKnownFileType = sourcecode.swift; path = MapViewController.swift; sourceTree = "<group>"; };
/* End PBXFileReference section */

/* Begin PBXFrameworksBuildPhase section */
		200FEE2A25BE037500E0D8F0 /* Frameworks */ = {
			isa = PBXFrameworksBuildPhase;
			buildActionMask = 2147483647;
			files = (
			);
			runOnlyForDeploymentPostprocessing = 0;
		};
/* End PBXFrameworksBuildPhase section */

/* Begin PBXGroup section */
		200FEE2425BE037500E0D8F0 = {
			isa = PBXGroup;
			children = (
				200FEE2F25BE037500E0D8F0 /* QueroIr */,
				200FEE2E25BE037500E0D8F0 /* Products */,
			);
			sourceTree = "<group>";
		};
		200FEE2E25BE037500E0D8F0 /* Products */ = {
			isa = PBXGroup;
			children = (
				200FEE2D25BE037500E0D8F0 /* QueroIr.app */,
			);
			name = Products;
			sourceTree = "<group>";
		};
		200FEE2F25BE037500E0D8F0 /* QueroIr */ = {
			isa = PBXGroup;
			children = (
				200FEE4825BE09DF00E0D8F0 /* Views */,
				200FEE4725BE09DB00E0D8F0 /* Controllers */,
				200FEE4625BE09C600E0D8F0 /* Common */,
			);
			path = QueroIr;
			sourceTree = "<group>";
		};
		200FEE4625BE09C600E0D8F0 /* Common */ = {
			isa = PBXGroup;
			children = (
				200FEE3925BE037700E0D8F0 /* Assets.xcassets */,
				200FEE3025BE037500E0D8F0 /* AppDelegate.swift */,
				200FEE3225BE037500E0D8F0 /* SceneDelegate.swift */,
				200FEE3B25BE037700E0D8F0 /* LaunchScreen.storyboard */,
				200FEE3E25BE037700E0D8F0 /* Info.plist */,
			);
			path = Common;
			sourceTree = "<group>";
		};
		200FEE4725BE09DB00E0D8F0 /* Controllers */ = {
			isa = PBXGroup;
			children = (
				200FEE4A25BE0A1500E0D8F0 /* PlacesTableViewController.swift */,
				200FEE4D25BE0AB400E0D8F0 /* PlaceFinderViewController.swift */,
				200FEE5625BE224300E0D8F0 /* MapViewController.swift */,
			);
			path = Controllers;
			sourceTree = "<group>";
		};
		200FEE4825BE09DF00E0D8F0 /* Views */ = {
			isa = PBXGroup;
			children = (
				200FEE3625BE037500E0D8F0 /* Main.storyboard */,
			);
			path = Views;
			sourceTree = "<group>";
		};
/* End PBXGroup section */

/* Begin PBXNativeTarget section */
		200FEE2C25BE037500E0D8F0 /* QueroIr */ = {
			isa = PBXNativeTarget;
			buildConfigurationList = 200FEE4125BE037700E0D8F0 /* Build configuration list for PBXNativeTarget "QueroIr" */;
			buildPhases = (
				200FEE2925BE037500E0D8F0 /* Sources */,
				200FEE2A25BE037500E0D8F0 /* Frameworks */,
				200FEE2B25BE037500E0D8F0 /* Resources */,
			);
			buildRules = (
			);
			dependencies = (
			);
			name = QueroIr;
			productName = QueroIr;
			productReference = 200FEE2D25BE037500E0D8F0 /* QueroIr.app */;
			productType = "com.apple.product-type.application";
		};
/* End PBXNativeTarget section */

/* Begin PBXProject section */
		200FEE2525BE037500E0D8F0 /* Project object */ = {
			isa = PBXProject;
			attributes = {
				LastSwiftUpdateCheck = 1230;
				LastUpgradeCheck = 1230;
				TargetAttributes = {
					200FEE2C25BE037500E0D8F0 = {
						CreatedOnToolsVersion = 12.3;
					};
				};
			};
			buildConfigurationList = 200FEE2825BE037500E0D8F0 /* Build configuration list for PBXProject "QueroIr" */;
			compatibilityVersion = "Xcode 9.3";
			developmentRegion = en;
			hasScannedForEncodings = 0;
			knownRegions = (
				en,
				Base,
			);
			mainGroup = 200FEE2425BE037500E0D8F0;
			productRefGroup = 200FEE2E25BE037500E0D8F0 /* Products */;
			projectDirPath = "";
			projectRoot = "";
			targets = (
				200FEE2C25BE037500E0D8F0 /* QueroIr */,
			);
		};
/* End PBXProject section */

/* Begin PBXResourcesBuildPhase section */
		200FEE2B25BE037500E0D8F0 /* Resources */ = {
			isa = PBXResourcesBuildPhase;
			buildActionMask = 2147483647;
			files = (
				200FEE3D25BE037700E0D8F0 /* LaunchScreen.storyboard in Resources */,
				200FEE3A25BE037700E0D8F0 /* Assets.xcassets in Resources */,
				200FEE3825BE037500E0D8F0 /* Main.storyboard in Resources */,
			);
			runOnlyForDeploymentPostprocessing = 0;
		};
/* End PBXResourcesBuildPhase section */

/* Begin PBXSourcesBuildPhase section */
		200FEE2925BE037500E0D8F0 /* Sources */ = {
			isa = PBXSourcesBuildPhase;
			buildActionMask = 2147483647;
			files = (
				200FEE3125BE037500E0D8F0 /* AppDelegate.swift in Sources */,
				200FEE3325BE037500E0D8F0 /* SceneDelegate.swift in Sources */,
				200FEE4E25BE0AB400E0D8F0 /* PlaceFinderViewController.swift in Sources */,
				200FEE5725BE224300E0D8F0 /* MapViewController.swift in Sources */,
				200FEE4B25BE0A1500E0D8F0 /* PlacesTableViewController.swift in Sources */,
			);
			runOnlyForDeploymentPostprocessing = 0;
		};
/* End PBXSourcesBuildPhase section */

/* Begin PBXVariantGroup section */
		200FEE3625BE037500E0D8F0 /* Main.storyboard */ = {
			isa = PBXVariantGroup;
			children = (
				200FEE3725BE037500E0D8F0 /* Base */,
			);
			name = Main.storyboard;
			sourceTree = "<group>";
		};
		200FEE3B25BE037700E0D8F0 /* LaunchScreen.storyboard */ = {
			isa = PBXVariantGroup;
			children = (
				200FEE3C25BE037700E0D8F0 /* Base */,
			);
			name = LaunchScreen.storyboard;
			sourceTree = "<group>";
		};
/* End PBXVariantGroup section */

/* Begin XCBuildConfiguration section */
		200FEE3F25BE037700E0D8F0 /* Debug */ = {
			isa = XCBuildConfiguration;
			buildSettings = {
				ALWAYS_SEARCH_USER_PATHS = NO;
				CLANG_ANALYZER_NONNULL = YES;
				CLANG_ANALYZER_NUMBER_OBJECT_CONVERSION = YES_AGGRESSIVE;
				CLANG_CXX_LANGUAGE_STANDARD = "gnu++14";
				CLANG_CXX_LIBRARY = "libc++";
				CLANG_ENABLE_MODULES = YES;
				CLANG_ENABLE_OBJC_ARC = YES;
				CLANG_ENABLE_OBJC_WEAK = YES;
				CLANG_WARN_BLOCK_CAPTURE_AUTORELEASING = YES;
				CLANG_WARN_BOOL_CONVERSION = YES;
				CLANG_WARN_COMMA = YES;
				CLANG_WARN_CONSTANT_CONVERSION = YES;
				CLANG_WARN_DEPRECATED_OBJC_IMPLEMENTATIONS = YES;
				CLANG_WARN_DIRECT_OBJC_ISA_USAGE = YES_ERROR;
				CLANG_WARN_DOCUMENTATION_COMMENTS = YES;
				CLANG_WARN_EMPTY_BODY = YES;
				CLANG_WARN_ENUM_CONVERSION = YES;
				CLANG_WARN_INFINITE_RECURSION = YES;
				CLANG_WARN_INT_CONVERSION = YES;
				CLANG_WARN_NON_LITERAL_NULL_CONVERSION = YES;
				CLANG_WARN_OBJC_IMPLICIT_RETAIN_SELF = YES;
				CLANG_WARN_OBJC_LITERAL_CONVERSION = YES;
				CLANG_WARN_OBJC_ROOT_CLASS = YES_ERROR;
				CLANG_WARN_QUOTED_INCLUDE_IN_FRAMEWORK_HEADER = YES;
				CLANG_WARN_RANGE_LOOP_ANALYSIS = YES;
				CLANG_WARN_STRICT_PROTOTYPES = YES;
				CLANG_WARN_SUSPICIOUS_MOVE = YES;
				CLANG_WARN_UNGUARDED_AVAILABILITY = YES_AGGRESSIVE;
				CLANG_WARN_UNREACHABLE_CODE = YES;
				CLANG_WARN__DUPLICATE_METHOD_MATCH = YES;
				COPY_PHASE_STRIP = NO;
				DEBUG_INFORMATION_FORMAT = dwarf;
				ENABLE_STRICT_OBJC_MSGSEND = YES;
				ENABLE_TESTABILITY = YES;
				GCC_C_LANGUAGE_STANDARD = gnu11;
				GCC_DYNAMIC_NO_PIC = NO;
				GCC_NO_COMMON_BLOCKS = YES;
				GCC_OPTIMIZATION_LEVEL = 0;
				GCC_PREPROCESSOR_DEFINITIONS = (
					"DEBUG=1",
					"$(inherited)",
				);
				GCC_WARN_64_TO_32_BIT_CONVERSION = YES;
				GCC_WARN_ABOUT_RETURN_TYPE = YES_ERROR;
				GCC_WARN_UNDECLARED_SELECTOR = YES;
				GCC_WARN_UNINITIALIZED_AUTOS = YES_AGGRESSIVE;
				GCC_WARN_UNUSED_FUNCTION = YES;
				GCC_WARN_UNUSED_VARIABLE = YES;
				IPHONEOS_DEPLOYMENT_TARGET = 14.3;
				MTL_ENABLE_DEBUG_INFO = INCLUDE_SOURCE;
				MTL_FAST_MATH = YES;
				ONLY_ACTIVE_ARCH = YES;
				SDKROOT = iphoneos;
				SWIFT_ACTIVE_COMPILATION_CONDITIONS = DEBUG;
				SWIFT_OPTIMIZATION_LEVEL = "-Onone";
			};
			name = Debug;
		};
		200FEE4025BE037700E0D8F0 /* Release */ = {
			isa = XCBuildConfiguration;
			buildSettings = {
				ALWAYS_SEARCH_USER_PATHS = NO;
				CLANG_ANALYZER_NONNULL = YES;
				CLANG_ANALYZER_NUMBER_OBJECT_CONVERSION = YES_AGGRESSIVE;
				CLANG_CXX_LANGUAGE_STANDARD = "gnu++14";
				CLANG_CXX_LIBRARY = "libc++";
				CLANG_ENABLE_MODULES = YES;
				CLANG_ENABLE_OBJC_ARC = YES;
				CLANG_ENABLE_OBJC_WEAK = YES;
				CLANG_WARN_BLOCK_CAPTURE_AUTORELEASING = YES;
				CLANG_WARN_BOOL_CONVERSION = YES;
				CLANG_WARN_COMMA = YES;
				CLANG_WARN_CONSTANT_CONVERSION = YES;
				CLANG_WARN_DEPRECATED_OBJC_IMPLEMENTATIONS = YES;
				CLANG_WARN_DIRECT_OBJC_ISA_USAGE = YES_ERROR;
				CLANG_WARN_DOCUMENTATION_COMMENTS = YES;
				CLANG_WARN_EMPTY_BODY = YES;
				CLANG_WARN_ENUM_CONVERSION = YES;
				CLANG_WARN_INFINITE_RECURSION = YES;
				CLANG_WARN_INT_CONVERSION = YES;
				CLANG_WARN_NON_LITERAL_NULL_CONVERSION = YES;
				CLANG_WARN_OBJC_IMPLICIT_RETAIN_SELF = YES;
				CLANG_WARN_OBJC_LITERAL_CONVERSION = YES;
				CLANG_WARN_OBJC_ROOT_CLASS = YES_ERROR;
				CLANG_WARN_QUOTED_INCLUDE_IN_FRAMEWORK_HEADER = YES;
				CLANG_WARN_RANGE_LOOP_ANALYSIS = YES;
				CLANG_WARN_STRICT_PROTOTYPES = YES;
				CLANG_WARN_SUSPICIOUS_MOVE = YES;
				CLANG_WARN_UNGUARDED_AVAILABILITY = YES_AGGRESSIVE;
				CLANG_WARN_UNREACHABLE_CODE = YES;
				CLANG_WARN__DUPLICATE_METHOD_MATCH = YES;
				COPY_PHASE_STRIP = NO;
				DEBUG_INFORMATION_FORMAT = "dwarf-with-dsym";
				ENABLE_NS_ASSERTIONS = NO;
				ENABLE_STRICT_OBJC_MSGSEND = YES;
				GCC_C_LANGUAGE_STANDARD = gnu11;
				GCC_NO_COMMON_BLOCKS = YES;
				GCC_WARN_64_TO_32_BIT_CONVERSION = YES;
				GCC_WARN_ABOUT_RETURN_TYPE = YES_ERROR;
				GCC_WARN_UNDECLARED_SELECTOR = YES;
				GCC_WARN_UNINITIALIZED_AUTOS = YES_AGGRESSIVE;
				GCC_WARN_UNUSED_FUNCTION = YES;
				GCC_WARN_UNUSED_VARIABLE = YES;
				IPHONEOS_DEPLOYMENT_TARGET = 14.3;
				MTL_ENABLE_DEBUG_INFO = NO;
				MTL_FAST_MATH = YES;
				SDKROOT = iphoneos;
				SWIFT_COMPILATION_MODE = wholemodule;
				SWIFT_OPTIMIZATION_LEVEL = "-O";
				VALIDATE_PRODUCT = YES;
			};
			name = Release;
		};
		200FEE4225BE037700E0D8F0 /* Debug */ = {
			isa = XCBuildConfiguration;
			buildSettings = {
				ASSETCATALOG_COMPILER_APPICON_NAME = AppIcon;
				ASSETCATALOG_COMPILER_GLOBAL_ACCENT_COLOR_NAME = AccentColor;
				CODE_SIGN_STYLE = Automatic;
				INFOPLIST_FILE = QueroIr/Common/Info.plist;
				LD_RUNPATH_SEARCH_PATHS = (
					"$(inherited)",
					"@executable_path/Frameworks",
				);
				PRODUCT_BUNDLE_IDENTIFIER = zeli.solucoes.QueroIr;
				PRODUCT_NAME = "$(TARGET_NAME)";
				SWIFT_VERSION = 5.0;
				TARGETED_DEVICE_FAMILY = "1,2";
			};
			name = Debug;
		};
		200FEE4325BE037700E0D8F0 /* Release */ = {
			isa = XCBuildConfiguration;
			buildSettings = {
				ASSETCATALOG_COMPILER_APPICON_NAME = AppIcon;
				ASSETCATALOG_COMPILER_GLOBAL_ACCENT_COLOR_NAME = AccentColor;
				CODE_SIGN_STYLE = Automatic;
				INFOPLIST_FILE = QueroIr/Common/Info.plist;
				LD_RUNPATH_SEARCH_PATHS = (
					"$(inherited)",
					"@executable_path/Frameworks",
				);
				PRODUCT_BUNDLE_IDENTIFIER = zeli.solucoes.QueroIr;
				PRODUCT_NAME = "$(TARGET_NAME)";
				SWIFT_VERSION = 5.0;
				TARGETED_DEVICE_FAMILY = "1,2";
			};
			name = Release;
		};
/* End XCBuildConfiguration section */

/* Begin XCConfigurationList section */
		200FEE2825BE037500E0D8F0 /* Build configuration list for PBXProject "QueroIr" */ = {
			isa = XCConfigurationList;
			buildConfigurations = (
				200FEE3F25BE037700E0D8F0 /* Debug */,
				200FEE4025BE037700E0D8F0 /* Release */,
			);
			defaultConfigurationIsVisible = 0;
			defaultConfigurationName = Release;
		};
		200FEE4125BE037700E0D8F0 /* Build configuration list for PBXNativeTarget "QueroIr" */ = {
			isa = XCConfigurationList;
			buildConfigurations = (
				200FEE4225BE037700E0D8F0 /* Debug */,
				200FEE4325BE037700E0D8F0 /* Release */,
			);
			defaultConfigurationIsVisible = 0;
			defaultConfigurationName = Release;
		};
/* End XCConfigurationList section */
	};
	rootObject = 200FEE2525BE037500E0D8F0 /* Project object */;
}
